
Microsoft Visual Studio Solution File, Format Version 12.00
# Visual Studio Version 17
VisualStudioVersion = 17.13.35931.197
MinimumVisualStudioVersion = 10.0.40219.1
Project("{FAE04EC0-301F-11D3-BF4B-00C04F79EFBC}") = "HelloWorld", "HelloWorld\HelloWorld.csproj", "{B67C10A7-2BE8-4B5E-AA79-429027D703AA}"
EndProject
Project("{FAE04EC0-301F-11D3-BF4B-00C04F79EFBC}") = "FirstDegree", "FirstDegree\FirstDegree.csproj", "{A904BBAE-01FB-477F-96B1-09EA0DB4CF45}"
EndProject
Project("{FAE04EC0-301F-11D3-BF4B-00C04F79EFBC}") = "QuadraticEquation", "QuadraticEquation\QuadraticEquation.csproj", "{801BFB49-C389-4D50-97C9-5F10C91AC60B}"
EndProject
Project("{FAE04EC0-301F-11D3-BF4B-00C04F79EFBC}") = "StringInteraction", "StringInteraction\StringInteraction.csproj", "{337A1BFE-51AA-459D-B73A-8985DD5FBE91}"
EndProject
Project("{FAE04EC0-301F-11D3-BF4B-00C04F79EFBC}") = "SimpleMath", "SimpleMath\SimpleMath.csproj", "{2C6A54D6-54F1-4853-AC31-2EF0EA88C29C}"
EndProject
Project("{FAE04EC0-301F-11D3-BF4B-00C04F79EFBC}") = "CalByReference", "CalByReference\CalByReference.csproj", "{DA29E955-693A-4C34-A8D9-E83F78B052EA}"
EndProject
Project("{FAE04EC0-301F-11D3-BF4B-00C04F79EFBC}") = "ReviewFor", "ReviewFor\ReviewFor.csproj", "{9D3FB164-2C98-4638-A279-EEEF750485A7}"
EndProject
Project("{FAE04EC0-301F-11D3-BF4B-00C04F79EFBC}") = "LearnForeach", "LearnForeach\LearnForeach.csproj", "{D8AD7BA0-DCE3-44ED-88B9-09D0548D9DA7}"
EndProject
Project("{FAE04EC0-301F-11D3-BF4B-00C04F79EFBC}") = "ReviewNestedLoop", "ReviewNestedLoop\ReviewNestedLoop.csproj", "{67E61F70-EF32-435A-B914-D579F2EB35EB}"
EndProject
Project("{FAE04EC0-301F-11D3-BF4B-00C04F79EFBC}") = "OOP1", "OOPĂ\OOP1.csproj", "{3232AACD-A3F8-42CD-A0FF-BB1271B7F93E}"
EndProject
Project("{FAE04EC0-301F-11D3-BF4B-00C04F79EFBC}") = "OOP2", "OOP2\OOP2.csproj", "{D3896D83-0A0B-4A1B-B7D5-6A9A97F81527}"
EndProject
Project("{FAE04EC0-301F-11D3-BF4B-00C04F79EFBC}") = "OOP3_ExtensionMethod", "OOP3_ExtensionMethod\OOP3_ExtensionMethod.csproj", "{CB8F6BDF-0B6D-4069-BCAD-5F7C2BFF8A31}"
EndProject
Project("{FAE04EC0-301F-11D3-BF4B-00C04F79EFBC}") = "OOP2_Reuse_as_Libary", "OOP2_Reuse_as_Libary\OOP2_Reuse_as_Libary.csproj", "{E78E9561-F0AC-4B01-BC5C-FC056C896A55}"
EndProject
Project("{FAE04EC0-301F-11D3-BF4B-00C04F79EFBC}") = "Collection_Generic", "Collection_Generic\Collection_Generic.csproj", "{ED22374F-CE35-46D9-BD81-AEC89412DFDF}"
EndProject
Project("{FAE04EC0-301F-11D3-BF4B-00C04F79EFBC}") = "OOP4_Dictionary", "OOP4_Dictionary\OOP4_Dictionary.csproj", "{D6032E88-F456-42C5-AB23-5A824D1572C8}"
EndProject
Project("{2150E333-8FDC-42A3-9474-1A3956D46DE8}") = "Chapter5", "Chapter5", "{02EA681E-C7D8-13C7-8484-4AC65E1B71E8}"
EndProject
Project("{FAE04EC0-301F-11D3-BF4B-00C04F79EFBC}") = "ObserverPattern", "C:\Users\DIEU LINH\Downloads\Chapter5\Chapter5\ObserverPattern\ObserverPattern.csproj", "{89E2CBFF-241B-AF32-32B7-57249E24B784}"
EndProject
Project("{FAE04EC0-301F-11D3-BF4B-00C04F79EFBC}") = "PrototypePattern", "C:\Users\DIEU LINH\Downloads\Chapter5\Chapter5\PrototypePattern\PrototypePattern.csproj", "{462B6236-EA40-2436-C6AF-51FBAB5FF3B3}"
EndProject
Project("{FAE04EC0-301F-11D3-BF4B-00C04F79EFBC}") = "BuilderPattern", "C:\Users\DIEU LINH\Downloads\Chapter5\Chapter5\BuilderPattern\BuilderPattern.csproj", "{AE87DE9D-937B-6F61-4151-749D15126161}"
EndProject
Project("{FAE04EC0-301F-11D3-BF4B-00C04F79EFBC}") = "FactoriesPattern", "C:\Users\DIEU LINH\Downloads\Chapter5\Chapter5\FactoriesPattern\FactoriesPattern.csproj", "{95A0423E-9B64-5F03-EE7C-A4238E3C7DFD}"
EndProject
Project("{FAE04EC0-301F-11D3-BF4B-00C04F79EFBC}") = "SingletonPattern", "C:\Users\DIEU LINH\Downloads\Chapter5\Chapter5\SingletonPattern\SingletonPattern.csproj", "{D484A4AC-B5D0-4BFD-DC0E-A766F001F0BA}"
EndProject
Project("{FAE04EC0-301F-11D3-BF4B-00C04F79EFBC}") = "OOP5_Clone", "OOP5_Clone\OOP5_Clone.csproj", "{CFFC0536-B70A-45C2-8DDD-D69E2E609311}"
EndProject
Project("{2150E333-8FDC-42A3-9474-1A3956D46DE8}") = "Chapter6", "Chapter6", "{8BD54C08-667E-458A-A92A-4E3FEC9EC154}"
EndProject
Project("{FAE04EC0-301F-11D3-BF4B-00C04F79EFBC}") = "DemoDelegate1", "DemoDelegate11\DemoDelegate1.csproj", "{BE5010AC-692C-4D32-8B5D-F00525BB1760}"
EndProject
Project("{FAE04EC0-301F-11D3-BF4B-00C04F79EFBC}") = "DemoLinqToObject", "DemoLinqToObject\DemoLinqToObject.csproj", "{497C7C1B-805C-4D3C-B3F3-5A68029DADC1}"
EndProject
Project("{FAE04EC0-301F-11D3-BF4B-00C04F79EFBC}") = "DemoLinqToObject2", "DemoLinqToObject2\DemoLinqToObject2.csproj", "{234DEC0C-4DC2-4812-AE6B-8F741AA3C0A7}"
EndProject
Project("{FAE04EC0-301F-11D3-BF4B-00C04F79EFBC}") = "DemoMyStoreLINQ2SQL", "DemoMyStoreLINQ2SQL\DemoMyStoreLINQ2SQL.csproj", "{89FC13AA-5F7F-43C3-8033-000B005E1F0C}"
EndProject
Project("{FAE04EC0-301F-11D3-BF4B-00C04F79EFBC}") = "LucyDemoLINQ2SQL", "LucyDemoLINQ2SQL\LucyDemoLINQ2SQL.csproj", "{AE9CEEC5-ECA1-4652-B95A-907ABFD4E0FF}"
EndProject
Project("{2150E333-8FDC-42A3-9474-1A3956D46DE8}") = "Chapter7", "Chapter7", "{027C02A8-1E46-41CB-A74A-110E5D22F8ED}"
EndProject
Project("{FAE04EC0-301F-11D3-BF4B-00C04F79EFBC}") = "HelloWpfApp", "HelloWpfApp\HelloWpfApp.csproj", "{A4901FE8-5E61-4139-A214-698193290B37}"
EndProject
Project("{FAE04EC0-301F-11D3-BF4B-00C04F79EFBC}") = "ButtonControl_TongHop", "ButtonControl_TongHop\ButtonControl_TongHop.csproj", "{65A50B3B-7C70-4AED-AA8D-12E86B058857}"
EndProject
Project("{FAE04EC0-301F-11D3-BF4B-00C04F79EFBC}") = "CheckBoxControlEvent", "CheckBoxControlEvent\CheckBoxControlEvent.csproj", "{906853EC-CEC8-4A6F-AA68-B3D032A10C0E}"
EndProject
Project("{FAE04EC0-301F-11D3-BF4B-00C04F79EFBC}") = "RadioButtonControl", "RadioButtonControl\RadioButtonControl.csproj", "{02A5C6B2-E781-4CE8-B529-20255B0486A1}"
EndProject
Project("{FAE04EC0-301F-11D3-BF4B-00C04F79EFBC}") = "ListWPF", "ListWPF\ListWPF.csproj", "{7BCE2FE9-E989-4EC0-B419-7D51B21B7770}"
EndProject
Global
	GlobalSection(SolutionConfigurationPlatforms) = preSolution
		Debug|Any CPU = Debug|Any CPU
		Release|Any CPU = Release|Any CPU
	EndGlobalSection
	GlobalSection(ProjectConfigurationPlatforms) = postSolution
		{B67C10A7-2BE8-4B5E-AA79-429027D703AA}.Debug|Any CPU.ActiveCfg = Debug|Any CPU
		{B67C10A7-2BE8-4B5E-AA79-429027D703AA}.Debug|Any CPU.Build.0 = Debug|Any CPU
		{B67C10A7-2BE8-4B5E-AA79-429027D703AA}.Release|Any CPU.ActiveCfg = Release|Any CPU
		{B67C10A7-2BE8-4B5E-AA79-429027D703AA}.Release|Any CPU.Build.0 = Release|Any CPU
		{A904BBAE-01FB-477F-96B1-09EA0DB4CF45}.Debug|Any CPU.ActiveCfg = Debug|Any CPU
		{A904BBAE-01FB-477F-96B1-09EA0DB4CF45}.Debug|Any CPU.Build.0 = Debug|Any CPU
		{A904BBAE-01FB-477F-96B1-09EA0DB4CF45}.Release|Any CPU.ActiveCfg = Release|Any CPU
		{A904BBAE-01FB-477F-96B1-09EA0DB4CF45}.Release|Any CPU.Build.0 = Release|Any CPU
		{801BFB49-C389-4D50-97C9-5F10C91AC60B}.Debug|Any CPU.ActiveCfg = Debug|Any CPU
		{801BFB49-C389-4D50-97C9-5F10C91AC60B}.Debug|Any CPU.Build.0 = Debug|Any CPU
		{801BFB49-C389-4D50-97C9-5F10C91AC60B}.Release|Any CPU.ActiveCfg = Release|Any CPU
		{801BFB49-C389-4D50-97C9-5F10C91AC60B}.Release|Any CPU.Build.0 = Release|Any CPU
		{337A1BFE-51AA-459D-B73A-8985DD5FBE91}.Debug|Any CPU.ActiveCfg = Debug|Any CPU
		{337A1BFE-51AA-459D-B73A-8985DD5FBE91}.Debug|Any CPU.Build.0 = Debug|Any CPU
		{337A1BFE-51AA-459D-B73A-8985DD5FBE91}.Release|Any CPU.ActiveCfg = Release|Any CPU
		{337A1BFE-51AA-459D-B73A-8985DD5FBE91}.Release|Any CPU.Build.0 = Release|Any CPU
		{2C6A54D6-54F1-4853-AC31-2EF0EA88C29C}.Debug|Any CPU.ActiveCfg = Debug|Any CPU
		{2C6A54D6-54F1-4853-AC31-2EF0EA88C29C}.Debug|Any CPU.Build.0 = Debug|Any CPU
		{2C6A54D6-54F1-4853-AC31-2EF0EA88C29C}.Release|Any CPU.ActiveCfg = Release|Any CPU
		{2C6A54D6-54F1-4853-AC31-2EF0EA88C29C}.Release|Any CPU.Build.0 = Release|Any CPU
		{DA29E955-693A-4C34-A8D9-E83F78B052EA}.Debug|Any CPU.ActiveCfg = Debug|Any CPU
		{DA29E955-693A-4C34-A8D9-E83F78B052EA}.Debug|Any CPU.Build.0 = Debug|Any CPU
		{DA29E955-693A-4C34-A8D9-E83F78B052EA}.Release|Any CPU.ActiveCfg = Release|Any CPU
		{DA29E955-693A-4C34-A8D9-E83F78B052EA}.Release|Any CPU.Build.0 = Release|Any CPU
		{9D3FB164-2C98-4638-A279-EEEF750485A7}.Debug|Any CPU.ActiveCfg = Debug|Any CPU
		{9D3FB164-2C98-4638-A279-EEEF750485A7}.Debug|Any CPU.Build.0 = Debug|Any CPU
		{9D3FB164-2C98-4638-A279-EEEF750485A7}.Release|Any CPU.ActiveCfg = Release|Any CPU
		{9D3FB164-2C98-4638-A279-EEEF750485A7}.Release|Any CPU.Build.0 = Release|Any CPU
		{D8AD7BA0-DCE3-44ED-88B9-09D0548D9DA7}.Debug|Any CPU.ActiveCfg = Debug|Any CPU
		{D8AD7BA0-DCE3-44ED-88B9-09D0548D9DA7}.Debug|Any CPU.Build.0 = Debug|Any CPU
		{D8AD7BA0-DCE3-44ED-88B9-09D0548D9DA7}.Release|Any CPU.ActiveCfg = Release|Any CPU
		{D8AD7BA0-DCE3-44ED-88B9-09D0548D9DA7}.Release|Any CPU.Build.0 = Release|Any CPU
		{67E61F70-EF32-435A-B914-D579F2EB35EB}.Debug|Any CPU.ActiveCfg = Debug|Any CPU
		{67E61F70-EF32-435A-B914-D579F2EB35EB}.Debug|Any CPU.Build.0 = Debug|Any CPU
		{67E61F70-EF32-435A-B914-D579F2EB35EB}.Release|Any CPU.ActiveCfg = Release|Any CPU
		{67E61F70-EF32-435A-B914-D579F2EB35EB}.Release|Any CPU.Build.0 = Release|Any CPU
		{3232AACD-A3F8-42CD-A0FF-BB1271B7F93E}.Debug|Any CPU.ActiveCfg = Debug|Any CPU
		{3232AACD-A3F8-42CD-A0FF-BB1271B7F93E}.Debug|Any CPU.Build.0 = Debug|Any CPU
		{3232AACD-A3F8-42CD-A0FF-BB1271B7F93E}.Release|Any CPU.ActiveCfg = Release|Any CPU
		{3232AACD-A3F8-42CD-A0FF-BB1271B7F93E}.Release|Any CPU.Build.0 = Release|Any CPU
		{D3896D83-0A0B-4A1B-B7D5-6A9A97F81527}.Debug|Any CPU.ActiveCfg = Debug|Any CPU
		{D3896D83-0A0B-4A1B-B7D5-6A9A97F81527}.Debug|Any CPU.Build.0 = Debug|Any CPU
		{D3896D83-0A0B-4A1B-B7D5-6A9A97F81527}.Release|Any CPU.ActiveCfg = Release|Any CPU
		{D3896D83-0A0B-4A1B-B7D5-6A9A97F81527}.Release|Any CPU.Build.0 = Release|Any CPU
		{CB8F6BDF-0B6D-4069-BCAD-5F7C2BFF8A31}.Debug|Any CPU.ActiveCfg = Debug|Any CPU
		{CB8F6BDF-0B6D-4069-BCAD-5F7C2BFF8A31}.Debug|Any CPU.Build.0 = Debug|Any CPU
		{CB8F6BDF-0B6D-4069-BCAD-5F7C2BFF8A31}.Release|Any CPU.ActiveCfg = Release|Any CPU
		{CB8F6BDF-0B6D-4069-BCAD-5F7C2BFF8A31}.Release|Any CPU.Build.0 = Release|Any CPU
		{E78E9561-F0AC-4B01-BC5C-FC056C896A55}.Debug|Any CPU.ActiveCfg = Debug|Any CPU
		{E78E9561-F0AC-4B01-BC5C-FC056C896A55}.Debug|Any CPU.Build.0 = Debug|Any CPU
		{E78E9561-F0AC-4B01-BC5C-FC056C896A55}.Release|Any CPU.ActiveCfg = Release|Any CPU
		{E78E9561-F0AC-4B01-BC5C-FC056C896A55}.Release|Any CPU.Build.0 = Release|Any CPU
		{ED22374F-CE35-46D9-BD81-AEC89412DFDF}.Debug|Any CPU.ActiveCfg = Debug|Any CPU
		{ED22374F-CE35-46D9-BD81-AEC89412DFDF}.Debug|Any CPU.Build.0 = Debug|Any CPU
		{ED22374F-CE35-46D9-BD81-AEC89412DFDF}.Release|Any CPU.ActiveCfg = Release|Any CPU
		{ED22374F-CE35-46D9-BD81-AEC89412DFDF}.Release|Any CPU.Build.0 = Release|Any CPU
		{D6032E88-F456-42C5-AB23-5A824D1572C8}.Debug|Any CPU.ActiveCfg = Debug|Any CPU
		{D6032E88-F456-42C5-AB23-5A824D1572C8}.Debug|Any CPU.Build.0 = Debug|Any CPU
		{D6032E88-F456-42C5-AB23-5A824D1572C8}.Release|Any CPU.ActiveCfg = Release|Any CPU
		{D6032E88-F456-42C5-AB23-5A824D1572C8}.Release|Any CPU.Build.0 = Release|Any CPU
		{89E2CBFF-241B-AF32-32B7-57249E24B784}.Debug|Any CPU.ActiveCfg = Debug|Any CPU
		{89E2CBFF-241B-AF32-32B7-57249E24B784}.Debug|Any CPU.Build.0 = Debug|Any CPU
		{89E2CBFF-241B-AF32-32B7-57249E24B784}.Release|Any CPU.ActiveCfg = Release|Any CPU
		{89E2CBFF-241B-AF32-32B7-57249E24B784}.Release|Any CPU.Build.0 = Release|Any CPU
		{462B6236-EA40-2436-C6AF-51FBAB5FF3B3}.Debug|Any CPU.ActiveCfg = Debug|Any CPU
		{462B6236-EA40-2436-C6AF-51FBAB5FF3B3}.Debug|Any CPU.Build.0 = Debug|Any CPU
		{462B6236-EA40-2436-C6AF-51FBAB5FF3B3}.Release|Any CPU.ActiveCfg = Release|Any CPU
		{462B6236-EA40-2436-C6AF-51FBAB5FF3B3}.Release|Any CPU.Build.0 = Release|Any CPU
		{AE87DE9D-937B-6F61-4151-749D15126161}.Debug|Any CPU.ActiveCfg = Debug|Any CPU
		{AE87DE9D-937B-6F61-4151-749D15126161}.Debug|Any CPU.Build.0 = Debug|Any CPU
		{AE87DE9D-937B-6F61-4151-749D15126161}.Release|Any CPU.ActiveCfg = Release|Any CPU
		{AE87DE9D-937B-6F61-4151-749D15126161}.Release|Any CPU.Build.0 = Release|Any CPU
		{95A0423E-9B64-5F03-EE7C-A4238E3C7DFD}.Debug|Any CPU.ActiveCfg = Debug|Any CPU
		{95A0423E-9B64-5F03-EE7C-A4238E3C7DFD}.Debug|Any CPU.Build.0 = Debug|Any CPU
		{95A0423E-9B64-5F03-EE7C-A4238E3C7DFD}.Release|Any CPU.ActiveCfg = Release|Any CPU
		{95A0423E-9B64-5F03-EE7C-A4238E3C7DFD}.Release|Any CPU.Build.0 = Release|Any CPU
		{D484A4AC-B5D0-4BFD-DC0E-A766F001F0BA}.Debug|Any CPU.ActiveCfg = Debug|Any CPU
		{D484A4AC-B5D0-4BFD-DC0E-A766F001F0BA}.Debug|Any CPU.Build.0 = Debug|Any CPU
		{D484A4AC-B5D0-4BFD-DC0E-A766F001F0BA}.Release|Any CPU.ActiveCfg = Release|Any CPU
		{D484A4AC-B5D0-4BFD-DC0E-A766F001F0BA}.Release|Any CPU.Build.0 = Release|Any CPU
		{CFFC0536-B70A-45C2-8DDD-D69E2E609311}.Debug|Any CPU.ActiveCfg = Debug|Any CPU
		{CFFC0536-B70A-45C2-8DDD-D69E2E609311}.Debug|Any CPU.Build.0 = Debug|Any CPU
		{CFFC0536-B70A-45C2-8DDD-D69E2E609311}.Release|Any CPU.ActiveCfg = Release|Any CPU
		{CFFC0536-B70A-45C2-8DDD-D69E2E609311}.Release|Any CPU.Build.0 = Release|Any CPU
		{BE5010AC-692C-4D32-8B5D-F00525BB1760}.Debug|Any CPU.ActiveCfg = Debug|Any CPU
		{BE5010AC-692C-4D32-8B5D-F00525BB1760}.Debug|Any CPU.Build.0 = Debug|Any CPU
		{BE5010AC-692C-4D32-8B5D-F00525BB1760}.Release|Any CPU.ActiveCfg = Release|Any CPU
		{BE5010AC-692C-4D32-8B5D-F00525BB1760}.Release|Any CPU.Build.0 = Release|Any CPU
		{497C7C1B-805C-4D3C-B3F3-5A68029DADC1}.Debug|Any CPU.ActiveCfg = Debug|Any CPU
		{497C7C1B-805C-4D3C-B3F3-5A68029DADC1}.Debug|Any CPU.Build.0 = Debug|Any CPU
		{497C7C1B-805C-4D3C-B3F3-5A68029DADC1}.Release|Any CPU.ActiveCfg = Release|Any CPU
		{497C7C1B-805C-4D3C-B3F3-5A68029DADC1}.Release|Any CPU.Build.0 = Release|Any CPU
		{234DEC0C-4DC2-4812-AE6B-8F741AA3C0A7}.Debug|Any CPU.ActiveCfg = Debug|Any CPU
		{234DEC0C-4DC2-4812-AE6B-8F741AA3C0A7}.Debug|Any CPU.Build.0 = Debug|Any CPU
		{234DEC0C-4DC2-4812-AE6B-8F741AA3C0A7}.Release|Any CPU.ActiveCfg = Release|Any CPU
		{234DEC0C-4DC2-4812-AE6B-8F741AA3C0A7}.Release|Any CPU.Build.0 = Release|Any CPU
		{89FC13AA-5F7F-43C3-8033-000B005E1F0C}.Debug|Any CPU.ActiveCfg = Debug|Any CPU
		{89FC13AA-5F7F-43C3-8033-000B005E1F0C}.Debug|Any CPU.Build.0 = Debug|Any CPU
		{89FC13AA-5F7F-43C3-8033-000B005E1F0C}.Release|Any CPU.ActiveCfg = Release|Any CPU
		{89FC13AA-5F7F-43C3-8033-000B005E1F0C}.Release|Any CPU.Build.0 = Release|Any CPU
		{AE9CEEC5-ECA1-4652-B95A-907ABFD4E0FF}.Debug|Any CPU.ActiveCfg = Debug|Any CPU
		{AE9CEEC5-ECA1-4652-B95A-907ABFD4E0FF}.Debug|Any CPU.Build.0 = Debug|Any CPU
		{AE9CEEC5-ECA1-4652-B95A-907ABFD4E0FF}.Release|Any CPU.ActiveCfg = Release|Any CPU
		{AE9CEEC5-ECA1-4652-B95A-907ABFD4E0FF}.Release|Any CPU.Build.0 = Release|Any CPU
		{A4901FE8-5E61-4139-A214-698193290B37}.Debug|Any CPU.ActiveCfg = Debug|Any CPU
		{A4901FE8-5E61-4139-A214-698193290B37}.Debug|Any CPU.Build.0 = Debug|Any CPU
		{A4901FE8-5E61-4139-A214-698193290B37}.Release|Any CPU.ActiveCfg = Release|Any CPU
		{A4901FE8-5E61-4139-A214-698193290B37}.Release|Any CPU.Build.0 = Release|Any CPU
		{65A50B3B-7C70-4AED-AA8D-12E86B058857}.Debug|Any CPU.ActiveCfg = Debug|Any CPU
		{65A50B3B-7C70-4AED-AA8D-12E86B058857}.Debug|Any CPU.Build.0 = Debug|Any CPU
		{65A50B3B-7C70-4AED-AA8D-12E86B058857}.Release|Any CPU.ActiveCfg = Release|Any CPU
		{65A50B3B-7C70-4AED-AA8D-12E86B058857}.Release|Any CPU.Build.0 = Release|Any CPU
		{906853EC-CEC8-4A6F-AA68-B3D032A10C0E}.Debug|Any CPU.ActiveCfg = Debug|Any CPU
		{906853EC-CEC8-4A6F-AA68-B3D032A10C0E}.Debug|Any CPU.Build.0 = Debug|Any CPU
		{906853EC-CEC8-4A6F-AA68-B3D032A10C0E}.Release|Any CPU.ActiveCfg = Release|Any CPU
		{906853EC-CEC8-4A6F-AA68-B3D032A10C0E}.Release|Any CPU.Build.0 = Release|Any CPU
		{02A5C6B2-E781-4CE8-B529-20255B0486A1}.Debug|Any CPU.ActiveCfg = Debug|Any CPU
		{02A5C6B2-E781-4CE8-B529-20255B0486A1}.Debug|Any CPU.Build.0 = Debug|Any CPU
		{02A5C6B2-E781-4CE8-B529-20255B0486A1}.Release|Any CPU.ActiveCfg = Release|Any CPU
		{02A5C6B2-E781-4CE8-B529-20255B0486A1}.Release|Any CPU.Build.0 = Release|Any CPU
		{7BCE2FE9-E989-4EC0-B419-7D51B21B7770}.Debug|Any CPU.ActiveCfg = Debug|Any CPU
		{7BCE2FE9-E989-4EC0-B419-7D51B21B7770}.Debug|Any CPU.Build.0 = Debug|Any CPU
		{7BCE2FE9-E989-4EC0-B419-7D51B21B7770}.Release|Any CPU.ActiveCfg = Release|Any CPU
		{7BCE2FE9-E989-4EC0-B419-7D51B21B7770}.Release|Any CPU.Build.0 = Release|Any CPU
	EndGlobalSection
	GlobalSection(SolutionProperties) = preSolution
		HideSolutionNode = FALSE
	EndGlobalSection
	GlobalSection(NestedProjects) = preSolution
		{89E2CBFF-241B-AF32-32B7-57249E24B784} = {02EA681E-C7D8-13C7-8484-4AC65E1B71E8}
		{462B6236-EA40-2436-C6AF-51FBAB5FF3B3} = {02EA681E-C7D8-13C7-8484-4AC65E1B71E8}
		{AE87DE9D-937B-6F61-4151-749D15126161} = {02EA681E-C7D8-13C7-8484-4AC65E1B71E8}
		{95A0423E-9B64-5F03-EE7C-A4238E3C7DFD} = {02EA681E-C7D8-13C7-8484-4AC65E1B71E8}
		{D484A4AC-B5D0-4BFD-DC0E-A766F001F0BA} = {02EA681E-C7D8-13C7-8484-4AC65E1B71E8}
		{BE5010AC-692C-4D32-8B5D-F00525BB1760} = {8BD54C08-667E-458A-A92A-4E3FEC9EC154}
		{497C7C1B-805C-4D3C-B3F3-5A68029DADC1} = {8BD54C08-667E-458A-A92A-4E3FEC9EC154}
		{234DEC0C-4DC2-4812-AE6B-8F741AA3C0A7} = {8BD54C08-667E-458A-A92A-4E3FEC9EC154}
		{89FC13AA-5F7F-43C3-8033-000B005E1F0C} = {8BD54C08-667E-458A-A92A-4E3FEC9EC154}
		{AE9CEEC5-ECA1-4652-B95A-907ABFD4E0FF} = {8BD54C08-667E-458A-A92A-4E3FEC9EC154}
		{A4901FE8-5E61-4139-A214-698193290B37} = {027C02A8-1E46-41CB-A74A-110E5D22F8ED}
		{65A50B3B-7C70-4AED-AA8D-12E86B058857} = {027C02A8-1E46-41CB-A74A-110E5D22F8ED}
		{906853EC-CEC8-4A6F-AA68-B3D032A10C0E} = {027C02A8-1E46-41CB-A74A-110E5D22F8ED}
		{02A5C6B2-E781-4CE8-B529-20255B0486A1} = {027C02A8-1E46-41CB-A74A-110E5D22F8ED}
		{7BCE2FE9-E989-4EC0-B419-7D51B21B7770} = {027C02A8-1E46-41CB-A74A-110E5D22F8ED}
	EndGlobalSection
	GlobalSection(ExtensibilityGlobals) = postSolution
		SolutionGuid = {BB8D1704-A324-4982-8977-D1CAD68C928A}
	EndGlobalSection
EndGlobal
